
Microsoft Visual Studio Solution File, Format Version 12.00
# Visual Studio 15
VisualStudioVersion = 15.0.27130.2036
MinimumVisualStudioVersion = 10.0.40219.1
Project("{FAE04EC0-301F-11D3-BF4B-00C04F79EFBC}") = "VirtualWMQ", "VirtualWMQ\VirtualWMQ.csproj", "{DDD2D55C-5297-4CCC-BC44-9F051F7303E2}"
EndProject
Project("{FAE04EC0-301F-11D3-BF4B-00C04F79EFBC}") = "Client", "Client\Client.csproj", "{67CF9775-1D4D-4027-B79D-6CF29B298906}"
EndProject
Project("{FAE04EC0-301F-11D3-BF4B-00C04F79EFBC}") = "Common", "Common\Common.csproj", "{89981CDA-3499-4C4E-A167-0DBE309E8279}"
EndProject
Global
	GlobalSection(SolutionConfigurationPlatforms) = preSolution
		Debug|Any CPU = Debug|Any CPU
		Release|Any CPU = Release|Any CPU
	EndGlobalSection
	GlobalSection(ProjectConfigurationPlatforms) = postSolution
		{DDD2D55C-5297-4CCC-BC44-9F051F7303E2}.Debug|Any CPU.ActiveCfg = Debug|Any CPU
		{DDD2D55C-5297-4CCC-BC44-9F051F7303E2}.Debug|Any CPU.Build.0 = Debug|Any CPU
		{DDD2D55C-5297-4CCC-BC44-9F051F7303E2}.Release|Any CPU.ActiveCfg = Release|Any CPU
		{DDD2D55C-5297-4CCC-BC44-9F051F7303E2}.Release|Any CPU.Build.0 = Release|Any CPU
		{67CF9775-1D4D-4027-B79D-6CF29B298906}.Debug|Any CPU.ActiveCfg = Debug|Any CPU
		{67CF9775-1D4D-4027-B79D-6CF29B298906}.Debug|Any CPU.Build.0 = Debug|Any CPU
		{67CF9775-1D4D-4027-B79D-6CF29B298906}.Release|Any CPU.ActiveCfg = Release|Any CPU
		{67CF9775-1D4D-4027-B79D-6CF29B298906}.Release|Any CPU.Build.0 = Release|Any CPU
		{89981CDA-3499-4C4E-A167-0DBE309E8279}.Debug|Any CPU.ActiveCfg = Debug|Any CPU
		{89981CDA-3499-4C4E-A167-0DBE309E8279}.Debug|Any CPU.Build.0 = Debug|Any CPU
		{89981CDA-3499-4C4E-A167-0DBE309E8279}.Release|Any CPU.ActiveCfg = Release|Any CPU
		{89981CDA-3499-4C4E-A167-0DBE309E8279}.Release|Any CPU.Build.0 = Release|Any CPU
	EndGlobalSection
	GlobalSection(SolutionProperties) = preSolution
		HideSolutionNode = FALSE
	EndGlobalSection
	GlobalSection(ExtensibilityGlobals) = postSolution
		SolutionGuid = {DCF8D914-4F47-4DB7-8E2B-DF2625E949D2}
	EndGlobalSection
EndGlobal
